
Microsoft Visual Studio Solution File, Format Version 12.00
# Visual Studio Version 16
VisualStudioVersion = 16.0.33801.447
MinimumVisualStudioVersion = 10.0.40219.1
Project("{FAE04EC0-301F-11D3-BF4B-00C04F79EFBC}") = "StructAssign", "StructAssign\StructAssign.csproj", "{1BBC56F9-B64C-47B3-BA8D-57FC91E67A02}"
EndProject
Global
	GlobalSection(SolutionConfigurationPlatforms) = preSolution
		Debug|Any CPU = Debug|Any CPU
		Release|Any CPU = Release|Any CPU
	EndGlobalSection
	GlobalSection(ProjectConfigurationPlatforms) = postSolution
		{1BBC56F9-B64C-47B3-BA8D-57FC91E67A02}.Debug|Any CPU.ActiveCfg = Debug|Any CPU
		{1BBC56F9-B64C-47B3-BA8D-57FC91E67A02}.Debug|Any CPU.Build.0 = Debug|Any CPU
		{1BBC56F9-B64C-47B3-BA8D-57FC91E67A02}.Release|Any CPU.ActiveCfg = Release|Any CPU
		{1BBC56F9-B64C-47B3-BA8D-57FC91E67A02}.Release|Any CPU.Build.0 = Release|Any CPU
	EndGlobalSection
	GlobalSection(SolutionProperties) = preSolution
		HideSolutionNode = FALSE
	EndGlobalSection
	GlobalSection(ExtensibilityGlobals) = postSolution
		SolutionGuid = {C0333630-E2C6-46ED-96EE-C8D456CDC023}
	EndGlobalSection
EndGlobal
