
Microsoft Visual Studio Solution File, Format Version 12.00
# Visual Studio Version 16
VisualStudioVersion = 16.0.33801.447
MinimumVisualStudioVersion = 10.0.40219.1
Project("{FAE04EC0-301F-11D3-BF4B-00C04F79EFBC}") = "AbstractClassAssign", "AbstractClassAssign\AbstractClassAssign.csproj", "{12981453-97D9-4486-B2AC-5540F5222BAA}"
EndProject
Global
	GlobalSection(SolutionConfigurationPlatforms) = preSolution
		Debug|Any CPU = Debug|Any CPU
		Release|Any CPU = Release|Any CPU
	EndGlobalSection
	GlobalSection(ProjectConfigurationPlatforms) = postSolution
		{12981453-97D9-4486-B2AC-5540F5222BAA}.Debug|Any CPU.ActiveCfg = Debug|Any CPU
		{12981453-97D9-4486-B2AC-5540F5222BAA}.Debug|Any CPU.Build.0 = Debug|Any CPU
		{12981453-97D9-4486-B2AC-5540F5222BAA}.Release|Any CPU.ActiveCfg = Release|Any CPU
		{12981453-97D9-4486-B2AC-5540F5222BAA}.Release|Any CPU.Build.0 = Release|Any CPU
	EndGlobalSection
	GlobalSection(SolutionProperties) = preSolution
		HideSolutionNode = FALSE
	EndGlobalSection
	GlobalSection(ExtensibilityGlobals) = postSolution
		SolutionGuid = {3E3B5355-858D-4ADE-A2EF-6453D5B37572}
	EndGlobalSection
EndGlobal
