
Microsoft Visual Studio Solution File, Format Version 12.00
# Visual Studio Version 16
VisualStudioVersion = 16.0.33801.447
MinimumVisualStudioVersion = 10.0.40219.1
Project("{FAE04EC0-301F-11D3-BF4B-00C04F79EFBC}") = "BranchingAssign", "BranchingAssign\BranchingAssign.csproj", "{DA7D4FE8-A3E5-4382-BCE5-0BB769F16644}"
EndProject
Global
	GlobalSection(SolutionConfigurationPlatforms) = preSolution
		Debug|Any CPU = Debug|Any CPU
		Release|Any CPU = Release|Any CPU
	EndGlobalSection
	GlobalSection(ProjectConfigurationPlatforms) = postSolution
		{DA7D4FE8-A3E5-4382-BCE5-0BB769F16644}.Debug|Any CPU.ActiveCfg = Debug|Any CPU
		{DA7D4FE8-A3E5-4382-BCE5-0BB769F16644}.Debug|Any CPU.Build.0 = Debug|Any CPU
		{DA7D4FE8-A3E5-4382-BCE5-0BB769F16644}.Release|Any CPU.ActiveCfg = Release|Any CPU
		{DA7D4FE8-A3E5-4382-BCE5-0BB769F16644}.Release|Any CPU.Build.0 = Release|Any CPU
	EndGlobalSection
	GlobalSection(SolutionProperties) = preSolution
		HideSolutionNode = FALSE
	EndGlobalSection
	GlobalSection(ExtensibilityGlobals) = postSolution
		SolutionGuid = {1DA4CE79-3C4C-42AF-B175-E7BB84599B7E}
	EndGlobalSection
EndGlobal
