
Microsoft Visual Studio Solution File, Format Version 12.00
# Visual Studio Version 16
VisualStudioVersion = 16.0.33801.447
MinimumVisualStudioVersion = 10.0.40219.1
Project("{FAE04EC0-301F-11D3-BF4B-00C04F79EFBC}") = "LambdaAssign", "LambdaAssign\LambdaAssign.csproj", "{8AA59D75-097F-4497-8D1A-D07C3DD8900F}"
EndProject
Global
	GlobalSection(SolutionConfigurationPlatforms) = preSolution
		Debug|Any CPU = Debug|Any CPU
		Release|Any CPU = Release|Any CPU
	EndGlobalSection
	GlobalSection(ProjectConfigurationPlatforms) = postSolution
		{8AA59D75-097F-4497-8D1A-D07C3DD8900F}.Debug|Any CPU.ActiveCfg = Debug|Any CPU
		{8AA59D75-097F-4497-8D1A-D07C3DD8900F}.Debug|Any CPU.Build.0 = Debug|Any CPU
		{8AA59D75-097F-4497-8D1A-D07C3DD8900F}.Release|Any CPU.ActiveCfg = Release|Any CPU
		{8AA59D75-097F-4497-8D1A-D07C3DD8900F}.Release|Any CPU.Build.0 = Release|Any CPU
	EndGlobalSection
	GlobalSection(SolutionProperties) = preSolution
		HideSolutionNode = FALSE
	EndGlobalSection
	GlobalSection(ExtensibilityGlobals) = postSolution
		SolutionGuid = {9436415C-CCFA-4197-AC2F-51DC9982C4DD}
	EndGlobalSection
EndGlobal
