
Microsoft Visual Studio Solution File, Format Version 12.00
# Visual Studio Version 16
VisualStudioVersion = 16.0.33801.447
MinimumVisualStudioVersion = 10.0.40219.1
Project("{FAE04EC0-301F-11D3-BF4B-00C04F79EFBC}") = "TwentyOne", "TwentyOne\TwentyOne.csproj", "{3D9F6EDF-DAD0-4F2A-9D51-0BA12A6FB626}"
EndProject
Project("{FAE04EC0-301F-11D3-BF4B-00C04F79EFBC}") = "Casino", "Casino\Casino.csproj", "{75B0744B-AD7A-4CC5-88D9-29C6D11CCBA4}"
EndProject
Global
	GlobalSection(SolutionConfigurationPlatforms) = preSolution
		Debug|Any CPU = Debug|Any CPU
		Release|Any CPU = Release|Any CPU
	EndGlobalSection
	GlobalSection(ProjectConfigurationPlatforms) = postSolution
		{3D9F6EDF-DAD0-4F2A-9D51-0BA12A6FB626}.Debug|Any CPU.ActiveCfg = Debug|Any CPU
		{3D9F6EDF-DAD0-4F2A-9D51-0BA12A6FB626}.Debug|Any CPU.Build.0 = Debug|Any CPU
		{3D9F6EDF-DAD0-4F2A-9D51-0BA12A6FB626}.Release|Any CPU.ActiveCfg = Release|Any CPU
		{3D9F6EDF-DAD0-4F2A-9D51-0BA12A6FB626}.Release|Any CPU.Build.0 = Release|Any CPU
		{75B0744B-AD7A-4CC5-88D9-29C6D11CCBA4}.Debug|Any CPU.ActiveCfg = Debug|Any CPU
		{75B0744B-AD7A-4CC5-88D9-29C6D11CCBA4}.Debug|Any CPU.Build.0 = Debug|Any CPU
		{75B0744B-AD7A-4CC5-88D9-29C6D11CCBA4}.Release|Any CPU.ActiveCfg = Release|Any CPU
		{75B0744B-AD7A-4CC5-88D9-29C6D11CCBA4}.Release|Any CPU.Build.0 = Release|Any CPU
	EndGlobalSection
	GlobalSection(SolutionProperties) = preSolution
		HideSolutionNode = FALSE
	EndGlobalSection
	GlobalSection(ExtensibilityGlobals) = postSolution
		SolutionGuid = {22EF440C-9411-4C81-8CC0-D0C982660A1A}
	EndGlobalSection
EndGlobal
