
Microsoft Visual Studio Solution File, Format Version 12.00
# Visual Studio Version 16
VisualStudioVersion = 16.0.33801.447
MinimumVisualStudioVersion = 10.0.40219.1
Project("{FAE04EC0-301F-11D3-BF4B-00C04F79EFBC}") = "OperatorChall", "OperatorChall\OperatorChall.csproj", "{BCD15A8B-7E3C-4C13-ABA8-6F6CB774617F}"
EndProject
Global
	GlobalSection(SolutionConfigurationPlatforms) = preSolution
		Debug|Any CPU = Debug|Any CPU
		Release|Any CPU = Release|Any CPU
	EndGlobalSection
	GlobalSection(ProjectConfigurationPlatforms) = postSolution
		{BCD15A8B-7E3C-4C13-ABA8-6F6CB774617F}.Debug|Any CPU.ActiveCfg = Debug|Any CPU
		{BCD15A8B-7E3C-4C13-ABA8-6F6CB774617F}.Debug|Any CPU.Build.0 = Debug|Any CPU
		{BCD15A8B-7E3C-4C13-ABA8-6F6CB774617F}.Release|Any CPU.ActiveCfg = Release|Any CPU
		{BCD15A8B-7E3C-4C13-ABA8-6F6CB774617F}.Release|Any CPU.Build.0 = Release|Any CPU
	EndGlobalSection
	GlobalSection(SolutionProperties) = preSolution
		HideSolutionNode = FALSE
	EndGlobalSection
	GlobalSection(ExtensibilityGlobals) = postSolution
		SolutionGuid = {DF93082B-A708-48A3-9330-3CD438F56307}
	EndGlobalSection
EndGlobal
